
Microsoft Visual Studio Solution File, Format Version 12.00
# Visual Studio Version 17
VisualStudioVersion = 17.5.002.0
MinimumVisualStudioVersion = 10.0.40219.1
Project("{9A19103F-16F7-4668-BE54-9A1E7A4F7556}") = "FruitWebApp", "FruitWebApp.csproj", "{62EBF494-95DF-464A-9D9A-E0CF713E96FB}"
EndProject
Global
	GlobalSection(SolutionConfigurationPlatforms) = preSolution
		Debug|Any CPU = Debug|Any CPU
		Release|Any CPU = Release|Any CPU
	EndGlobalSection
	GlobalSection(ProjectConfigurationPlatforms) = postSolution
		{62EBF494-95DF-464A-9D9A-E0CF713E96FB}.Debug|Any CPU.ActiveCfg = Debug|Any CPU
		{62EBF494-95DF-464A-9D9A-E0CF713E96FB}.Debug|Any CPU.Build.0 = Debug|Any CPU
		{62EBF494-95DF-464A-9D9A-E0CF713E96FB}.Release|Any CPU.ActiveCfg = Release|Any CPU
		{62EBF494-95DF-464A-9D9A-E0CF713E96FB}.Release|Any CPU.Build.0 = Release|Any CPU
	EndGlobalSection
	GlobalSection(SolutionProperties) = preSolution
		HideSolutionNode = FALSE
	EndGlobalSection
	GlobalSection(ExtensibilityGlobals) = postSolution
		SolutionGuid = {FC14EFDC-9FE7-46AE-9273-9881A601807D}
	EndGlobalSection
EndGlobal
